
Microsoft Visual Studio Solution File, Format Version 12.00
# Visual Studio Version 17
VisualStudioVersion = 17.14.36414.22 d17.14
MinimumVisualStudioVersion = 10.0.40219.1
Project("{FAE04EC0-301F-11D3-BF4B-00C04F79EFBC}") = "KraftonIsAlterra", "KraftonIsAlterra\KraftonIsAlterra.csproj", "{6D64E40A-327D-4325-898E-6DF692C61407}"
EndProject
Global
	GlobalSection(SolutionConfigurationPlatforms) = preSolution
		Debug|Any CPU = Debug|Any CPU
		Release|Any CPU = Release|Any CPU
	EndGlobalSection
	GlobalSection(ProjectConfigurationPlatforms) = postSolution
		{6D64E40A-327D-4325-898E-6DF692C61407}.Debug|Any CPU.ActiveCfg = Debug|Any CPU
		{6D64E40A-327D-4325-898E-6DF692C61407}.Debug|Any CPU.Build.0 = Debug|Any CPU
		{6D64E40A-327D-4325-898E-6DF692C61407}.Release|Any CPU.ActiveCfg = Release|Any CPU
		{6D64E40A-327D-4325-898E-6DF692C61407}.Release|Any CPU.Build.0 = Release|Any CPU
	EndGlobalSection
	GlobalSection(SolutionProperties) = preSolution
		HideSolutionNode = FALSE
	EndGlobalSection
	GlobalSection(ExtensibilityGlobals) = postSolution
		SolutionGuid = {FF99F7F7-F0CD-4BC0-9F97-0A05B144A200}
	EndGlobalSection
EndGlobal
